{
  "R": {
    "Version": "4.5.3",
    "Repositories": [
      {
        "Name": "CRAN",
        "URL": "https://cloud.r-project.org"
      },
      {
        "Name": "Bioconductor",
        "URL": "https://bioconductor.org/packages/3.20"
      }
    ]
  },
  "Packages": {
    "AnnotationDbi": {
      "Package": "AnnotationDbi",
      "Version": "1.72.0",
      "Source": "Bioconductor",
      "Repository": "https://bioconductor.org/packages/3.20"
    },
    "BiocManager": {
      "Package": "BiocManager",
      "Version": "1.30.27",
      "Source": "CRAN"
    },
    "CIBERSORT": {
      "Package": "CIBERSORT",
      "Version": "1.0",
      "Source": "GitHub",
      "Remote": "https://github.com/chloelulu/CIBERSORT",
      "Note": "Run from source (not on CRAN); supports LM22 signature matrix."
    },
    "WGCNA": {
      "Package": "WGCNA",
      "Version": "1.74",
      "Source": "CRAN"
    },
    "clusterProfiler": {
      "Package": "clusterProfiler",
      "Version": "4.18.4",
      "Source": "Bioconductor"
    },
    "cowplot": {
      "Package": "cowplot",
      "Version": "1.2.0",
      "Source": "CRAN"
    },
    "doParallel": {
      "Package": "doParallel",
      "Version": "1.0.17",
      "Source": "CRAN"
    },
    "dplyr": {
      "Package": "dplyr",
      "Version": "1.2.1",
      "Source": "CRAN"
    },
    "ggplot2": {
      "Package": "ggplot2",
      "Version": "4.0.3",
      "Source": "CRAN"
    },
    "glmnet": {
      "Package": "glmnet",
      "Version": "5.0",
      "Source": "CRAN"
    },
    "gridExtra": {
      "Package": "gridExtra",
      "Version": "2.3",
      "Source": "CRAN"
    },
    "hgu133plus2.db": {
      "Package": "hgu133plus2.db",
      "Version": "3.13.0",
      "Source": "Bioconductor"
    },
    "hugene10sttranscriptcluster.db": {
      "Package": "hugene10sttranscriptcluster.db",
      "Version": "8.8.0",
      "Source": "Bioconductor"
    },
    "limma": {
      "Package": "limma",
      "Version": "3.66.0",
      "Source": "Bioconductor"
    },
    "MRInstruments": {
      "Package": "MRInstruments",
      "Version": "0.1.0",
      "Source": "CRAN",
      "Note": "Dependency of TwoSampleMR."
    },
    "org.Hs.eg.db": {
      "Package": "org.Hs.eg.db",
      "Version": "3.22.0",
      "Source": "Bioconductor"
    },
    "patchwork": {
      "Package": "patchwork",
      "Version": "1.3.2",
      "Source": "CRAN"
    },
    "pheatmap": {
      "Package": "pheatmap",
      "Version": "1.0.13",
      "Source": "CRAN"
    },
    "qvalue": {
      "Package": "qvalue",
      "Version": "2.42.0",
      "Source": "Bioconductor"
    },
    "RColorBrewer": {
      "Package": "RColorBrewer",
      "Version": "1.1.3",
      "Source": "CRAN"
    },
    "randomForest": {
      "Package": "randomForest",
      "Version": "4.7.1.2",
      "Source": "CRAN"
    },
    "reshape2": {
      "Package": "reshape2",
      "Version": "1.4.5",
      "Source": "CRAN"
    },
    "Seurat": {
      "Package": "Seurat",
      "Version": "5.5.0",
      "Source": "CRAN"
    },
    "statmod": {
      "Package": "statmod",
      "Version": "1.5.1",
      "Source": "CRAN"
    },
    "tibble": {
      "Package": "tibble",
      "Version": "3.3.1",
      "Source": "CRAN"
    },
    "TwoSampleMR": {
      "Package": "TwoSampleMR",
      "Version": "0.7.4",
      "Source": "CRAN"
    }
  }
}
